
Microsoft Visual Studio Solution File, Format Version 12.00
# Visual Studio Version 17
VisualStudioVersion = 17.7.34031.279
MinimumVisualStudioVersion = 10.0.40219.1
Project("{FAE04EC0-301F-11D3-BF4B-00C04F79EFBC}") = "Mane.BD", "Mane.BD\Mane.BD.csproj", "{1698B67F-99AC-4A51-A19C-000C170B54B5}"
EndProject
Project("{FAE04EC0-301F-11D3-BF4B-00C04F79EFBC}") = "Mane.Helpers", "Mane.Helpers\Mane.Helpers.csproj", "{6344B9E2-F825-4165-B506-AB3E2F822A49}"
EndProject
Project("{FAE04EC0-301F-11D3-BF4B-00C04F79EFBC}") = "Mane.Sap", "Mane.Sap\Mane.Sap.csproj", "{E1AE8BA9-39C3-4860-926A-A8FF6A1979DE}"
EndProject
Project("{FAE04EC0-301F-11D3-BF4B-00C04F79EFBC}") = "Pruebas", "Pruebas\Pruebas.csproj", "{C639E0F3-F989-4B2F-8BEE-9C19733B3E7B}"
EndProject
Project("{FAE04EC0-301F-11D3-BF4B-00C04F79EFBC}") = "Mane.CFDI", "Mane.CFDI\Mane.CFDI.csproj", "{9C522906-4448-463D-9C5F-6B5B33097012}"
EndProject
Project("{FAE04EC0-301F-11D3-BF4B-00C04F79EFBC}") = "Mane.BD.WebApi", "Mane.BD.WebApi\Mane.BD.WebApi.csproj", "{02E59686-328C-4BFE-8C7C-C94D18D403C8}"
EndProject
Project("{FAE04EC0-301F-11D3-BF4B-00C04F79EFBC}") = "Mane.Licenciamiento", "Mane.Licenciamiento\Mane.Licenciamiento.csproj", "{355F57EA-E8C5-41A8-9A30-118F0FD316E9}"
EndProject
Project("{FAE04EC0-301F-11D3-BF4B-00C04F79EFBC}") = "Mane.Licenciamiento.Generador", "Mane.Licenciamiento.Generador\Mane.Licenciamiento.Generador.csproj", "{150B19A7-F1C2-47F4-AA0B-F4592FBFA191}"
EndProject
Project("{FAE04EC0-301F-11D3-BF4B-00C04F79EFBC}") = "Mane.CrystalReports", "Mane.CrystalReports\Mane.CrystalReports.csproj", "{9F07B1D9-F2D1-4029-B9DB-9D612F37A170}"
EndProject
Project("{FAE04EC0-301F-11D3-BF4B-00C04F79EFBC}") = "Mane.Sap.Service.Layer", "Mane.Sap.ServiceLayer\Mane.Sap.Service.Layer.csproj", "{37E700FC-2D9B-488A-B524-DBA67B98CFFC}"
EndProject
Project("{FAE04EC0-301F-11D3-BF4B-00C04F79EFBC}") = "Mane.Security", "Mane.Security\Mane.Security.csproj", "{F9E96D11-C1D1-47B7-A664-B2540BA26E01}"
EndProject
Project("{FAE04EC0-301F-11D3-BF4B-00C04F79EFBC}") = "Mane.CommonModules", "Mane.CommonModules\Mane.CommonModules.csproj", "{CCA4F9E0-E5A4-463F-9701-91B4CD816EBB}"
EndProject
Global
	GlobalSection(SolutionConfigurationPlatforms) = preSolution
		Debug|Any CPU = Debug|Any CPU
		Release|Any CPU = Release|Any CPU
	EndGlobalSection
	GlobalSection(ProjectConfigurationPlatforms) = postSolution
		{1698B67F-99AC-4A51-A19C-000C170B54B5}.Debug|Any CPU.ActiveCfg = Debug|Any CPU
		{1698B67F-99AC-4A51-A19C-000C170B54B5}.Debug|Any CPU.Build.0 = Debug|Any CPU
		{1698B67F-99AC-4A51-A19C-000C170B54B5}.Release|Any CPU.ActiveCfg = Release|Any CPU
		{1698B67F-99AC-4A51-A19C-000C170B54B5}.Release|Any CPU.Build.0 = Release|Any CPU
		{6344B9E2-F825-4165-B506-AB3E2F822A49}.Debug|Any CPU.ActiveCfg = Debug|Any CPU
		{6344B9E2-F825-4165-B506-AB3E2F822A49}.Debug|Any CPU.Build.0 = Debug|Any CPU
		{6344B9E2-F825-4165-B506-AB3E2F822A49}.Release|Any CPU.ActiveCfg = Release|Any CPU
		{6344B9E2-F825-4165-B506-AB3E2F822A49}.Release|Any CPU.Build.0 = Release|Any CPU
		{E1AE8BA9-39C3-4860-926A-A8FF6A1979DE}.Debug|Any CPU.ActiveCfg = Debug|Any CPU
		{E1AE8BA9-39C3-4860-926A-A8FF6A1979DE}.Debug|Any CPU.Build.0 = Debug|Any CPU
		{E1AE8BA9-39C3-4860-926A-A8FF6A1979DE}.Release|Any CPU.ActiveCfg = Release|Any CPU
		{E1AE8BA9-39C3-4860-926A-A8FF6A1979DE}.Release|Any CPU.Build.0 = Release|Any CPU
		{C639E0F3-F989-4B2F-8BEE-9C19733B3E7B}.Debug|Any CPU.ActiveCfg = Debug|Any CPU
		{C639E0F3-F989-4B2F-8BEE-9C19733B3E7B}.Debug|Any CPU.Build.0 = Debug|Any CPU
		{C639E0F3-F989-4B2F-8BEE-9C19733B3E7B}.Release|Any CPU.ActiveCfg = Release|Any CPU
		{C639E0F3-F989-4B2F-8BEE-9C19733B3E7B}.Release|Any CPU.Build.0 = Release|Any CPU
		{9C522906-4448-463D-9C5F-6B5B33097012}.Debug|Any CPU.ActiveCfg = Debug|Any CPU
		{9C522906-4448-463D-9C5F-6B5B33097012}.Debug|Any CPU.Build.0 = Debug|Any CPU
		{9C522906-4448-463D-9C5F-6B5B33097012}.Release|Any CPU.ActiveCfg = Release|Any CPU
		{9C522906-4448-463D-9C5F-6B5B33097012}.Release|Any CPU.Build.0 = Release|Any CPU
		{02E59686-328C-4BFE-8C7C-C94D18D403C8}.Debug|Any CPU.ActiveCfg = Debug|Any CPU
		{02E59686-328C-4BFE-8C7C-C94D18D403C8}.Debug|Any CPU.Build.0 = Debug|Any CPU
		{02E59686-328C-4BFE-8C7C-C94D18D403C8}.Release|Any CPU.ActiveCfg = Release|Any CPU
		{02E59686-328C-4BFE-8C7C-C94D18D403C8}.Release|Any CPU.Build.0 = Release|Any CPU
		{355F57EA-E8C5-41A8-9A30-118F0FD316E9}.Debug|Any CPU.ActiveCfg = Debug|Any CPU
		{355F57EA-E8C5-41A8-9A30-118F0FD316E9}.Debug|Any CPU.Build.0 = Debug|Any CPU
		{355F57EA-E8C5-41A8-9A30-118F0FD316E9}.Release|Any CPU.ActiveCfg = Release|Any CPU
		{355F57EA-E8C5-41A8-9A30-118F0FD316E9}.Release|Any CPU.Build.0 = Release|Any CPU
		{150B19A7-F1C2-47F4-AA0B-F4592FBFA191}.Debug|Any CPU.ActiveCfg = Debug|Any CPU
		{150B19A7-F1C2-47F4-AA0B-F4592FBFA191}.Debug|Any CPU.Build.0 = Debug|Any CPU
		{150B19A7-F1C2-47F4-AA0B-F4592FBFA191}.Release|Any CPU.ActiveCfg = Release|Any CPU
		{150B19A7-F1C2-47F4-AA0B-F4592FBFA191}.Release|Any CPU.Build.0 = Release|Any CPU
		{9F07B1D9-F2D1-4029-B9DB-9D612F37A170}.Debug|Any CPU.ActiveCfg = Debug|Any CPU
		{9F07B1D9-F2D1-4029-B9DB-9D612F37A170}.Debug|Any CPU.Build.0 = Debug|Any CPU
		{9F07B1D9-F2D1-4029-B9DB-9D612F37A170}.Release|Any CPU.ActiveCfg = Release|Any CPU
		{9F07B1D9-F2D1-4029-B9DB-9D612F37A170}.Release|Any CPU.Build.0 = Release|Any CPU
		{37E700FC-2D9B-488A-B524-DBA67B98CFFC}.Debug|Any CPU.ActiveCfg = Debug|Any CPU
		{37E700FC-2D9B-488A-B524-DBA67B98CFFC}.Debug|Any CPU.Build.0 = Debug|Any CPU
		{37E700FC-2D9B-488A-B524-DBA67B98CFFC}.Release|Any CPU.ActiveCfg = Release|Any CPU
		{37E700FC-2D9B-488A-B524-DBA67B98CFFC}.Release|Any CPU.Build.0 = Release|Any CPU
		{F9E96D11-C1D1-47B7-A664-B2540BA26E01}.Debug|Any CPU.ActiveCfg = Debug|Any CPU
		{F9E96D11-C1D1-47B7-A664-B2540BA26E01}.Debug|Any CPU.Build.0 = Debug|Any CPU
		{F9E96D11-C1D1-47B7-A664-B2540BA26E01}.Release|Any CPU.ActiveCfg = Release|Any CPU
		{F9E96D11-C1D1-47B7-A664-B2540BA26E01}.Release|Any CPU.Build.0 = Release|Any CPU
		{CCA4F9E0-E5A4-463F-9701-91B4CD816EBB}.Debug|Any CPU.ActiveCfg = Debug|Any CPU
		{CCA4F9E0-E5A4-463F-9701-91B4CD816EBB}.Debug|Any CPU.Build.0 = Debug|Any CPU
		{CCA4F9E0-E5A4-463F-9701-91B4CD816EBB}.Release|Any CPU.ActiveCfg = Release|Any CPU
		{CCA4F9E0-E5A4-463F-9701-91B4CD816EBB}.Release|Any CPU.Build.0 = Release|Any CPU
	EndGlobalSection
	GlobalSection(SolutionProperties) = preSolution
		HideSolutionNode = FALSE
	EndGlobalSection
	GlobalSection(ExtensibilityGlobals) = postSolution
		SolutionGuid = {61809B32-57AA-480E-9598-7E967364102A}
	EndGlobalSection
EndGlobal
